
Microsoft Visual Studio Solution File, Format Version 12.00
# Visual Studio Version 17
VisualStudioVersion = 17.3.32825.248
MinimumVisualStudioVersion = 10.0.40219.1
Project("{FAE04EC0-301F-11D3-BF4B-00C04F79EFBC}") = "Tik-A-Ticket", "Tik-A-Ticket.csproj", "{36A6542A-0ED0-4CBF-A135-FF966DE916E9}"
EndProject
Global
	GlobalSection(SolutionConfigurationPlatforms) = preSolution
		Debug|Any CPU = Debug|Any CPU
		Release|Any CPU = Release|Any CPU
	EndGlobalSection
	GlobalSection(ProjectConfigurationPlatforms) = postSolution
		{36A6542A-0ED0-4CBF-A135-FF966DE916E9}.Debug|Any CPU.ActiveCfg = Debug|Any CPU
		{36A6542A-0ED0-4CBF-A135-FF966DE916E9}.Debug|Any CPU.Build.0 = Debug|Any CPU
		{36A6542A-0ED0-4CBF-A135-FF966DE916E9}.Release|Any CPU.ActiveCfg = Release|Any CPU
		{36A6542A-0ED0-4CBF-A135-FF966DE916E9}.Release|Any CPU.Build.0 = Release|Any CPU
	EndGlobalSection
	GlobalSection(SolutionProperties) = preSolution
		HideSolutionNode = FALSE
	EndGlobalSection
	GlobalSection(ExtensibilityGlobals) = postSolution
		SolutionGuid = {94F9FAB9-EF9E-4E4B-9BBE-8A9CAEDBFF5D}
	EndGlobalSection
EndGlobal
